# THIS IS AN AUTOGENERATED FILE. DO NOT EDIT THIS FILE DIRECTLY.
# yarn lockfile v1


"@cloudflare/itty-router-openapi@^0.0.15":
  version "0.0.15"
  resolved "https://registry.npmmirror.com/@cloudflare/itty-router-openapi/-/itty-router-openapi-0.0.15.tgz#51e490fb2f80470e78fa33a906b2864e0850218f"
  integrity sha512-Npu/dQ1jOqhuQCkiWQZK/iYG68335D0zRf4i4ejfhjZfIjuRLgaGGfDAGyK88Bn03XBZH3ywI9k5g8tnesdDrA==
  dependencies:
    itty-router "^2.6.6"

"@cloudflare/workers-types@^4.20230404.0":
  version "4.20231218.0"
  resolved "https://registry.npmmirror.com/@cloudflare/workers-types/-/workers-types-4.20231218.0.tgz#3deac906c68aa5c8d8cdefe828146215eed6804c"
  integrity sha512-Vs1FKjfUjXYGbCsXzkl+ITp0Iyb6QiW6+vTERTNThC+v96T0IvPVAioH4tT20rXwoxAfxh380mAaxYtTrJUNVg==

"@esbuild/android-arm64@0.17.19":
  version "0.17.19"
  resolved "https://registry.npmmirror.com/@esbuild/android-arm64/-/android-arm64-0.17.19.tgz#bafb75234a5d3d1b690e7c2956a599345e84a2fd"
  integrity sha512-KBMWvEZooR7+kzY0BtbTQn0OAYY7CsiydT63pVEaPtVYF0hXbUaOyZog37DKxK7NF3XacBJOpYT4adIJh+avxA==

"@esbuild/android-arm@0.17.19":
  version "0.17.19"
  resolved "https://registry.npmmirror.com/@esbuild/android-arm/-/android-arm-0.17.19.tgz#5898f7832c2298bc7d0ab53701c57beb74d78b4d"
  integrity sha512-rIKddzqhmav7MSmoFCmDIb6e2W57geRsM94gV2l38fzhXMwq7hZoClug9USI2pFRGL06f4IOPHHpFNOkWieR8A==

"@esbuild/android-x64@0.17.19":
  version "0.17.19"
  resolved "https://registry.npmmirror.com/@esbuild/android-x64/-/android-x64-0.17.19.tgz#658368ef92067866d95fb268719f98f363d13ae1"
  integrity sha512-uUTTc4xGNDT7YSArp/zbtmbhO0uEEK9/ETW29Wk1thYUJBz3IVnvgEiEwEa9IeLyvnpKrWK64Utw2bgUmDveww==

"@esbuild/darwin-arm64@0.17.19":
  version "0.17.19"
  resolved "https://registry.npmmirror.com/@esbuild/darwin-arm64/-/darwin-arm64-0.17.19.tgz#584c34c5991b95d4d48d333300b1a4e2ff7be276"
  integrity sha512-80wEoCfF/hFKM6WE1FyBHc9SfUblloAWx6FJkFWTWiCoht9Mc0ARGEM47e67W9rI09YoUxJL68WHfDRYEAvOhg==

"@esbuild/darwin-x64@0.17.19":
  version "0.17.19"
  resolved "https://registry.npmmirror.com/@esbuild/darwin-x64/-/darwin-x64-0.17.19.tgz#7751d236dfe6ce136cce343dce69f52d76b7f6cb"
  integrity sha512-IJM4JJsLhRYr9xdtLytPLSH9k/oxR3boaUIYiHkAawtwNOXKE8KoU8tMvryogdcT8AU+Bflmh81Xn6Q0vTZbQw==

"@esbuild/freebsd-arm64@0.17.19":
  version "0.17.19"
  resolved "https://registry.npmmirror.com/@esbuild/freebsd-arm64/-/freebsd-arm64-0.17.19.tgz#cacd171665dd1d500f45c167d50c6b7e539d5fd2"
  integrity sha512-pBwbc7DufluUeGdjSU5Si+P3SoMF5DQ/F/UmTSb8HXO80ZEAJmrykPyzo1IfNbAoaqw48YRpv8shwd1NoI0jcQ==

"@esbuild/freebsd-x64@0.17.19":
  version "0.17.19"
  resolved "https://registry.npmmirror.com/@esbuild/freebsd-x64/-/freebsd-x64-0.17.19.tgz#0769456eee2a08b8d925d7c00b79e861cb3162e4"
  integrity sha512-4lu+n8Wk0XlajEhbEffdy2xy53dpR06SlzvhGByyg36qJw6Kpfk7cp45DR/62aPH9mtJRmIyrXAS5UWBrJT6TQ==

"@esbuild/linux-arm64@0.17.19":
  version "0.17.19"
  resolved "https://registry.npmmirror.com/@esbuild/linux-arm64/-/linux-arm64-0.17.19.tgz#38e162ecb723862c6be1c27d6389f48960b68edb"
  integrity sha512-ct1Tg3WGwd3P+oZYqic+YZF4snNl2bsnMKRkb3ozHmnM0dGWuxcPTTntAF6bOP0Sp4x0PjSF+4uHQ1xvxfRKqg==

"@esbuild/linux-arm@0.17.19":
  version "0.17.19"
  resolved "https://registry.npmmirror.com/@esbuild/linux-arm/-/linux-arm-0.17.19.tgz#1a2cd399c50040184a805174a6d89097d9d1559a"
  integrity sha512-cdmT3KxjlOQ/gZ2cjfrQOtmhG4HJs6hhvm3mWSRDPtZ/lP5oe8FWceS10JaSJC13GBd4eH/haHnqf7hhGNLerA==

"@esbuild/linux-ia32@0.17.19":
  version "0.17.19"
  resolved "https://registry.npmmirror.com/@esbuild/linux-ia32/-/linux-ia32-0.17.19.tgz#e28c25266b036ce1cabca3c30155222841dc035a"
  integrity sha512-w4IRhSy1VbsNxHRQpeGCHEmibqdTUx61Vc38APcsRbuVgK0OPEnQ0YD39Brymn96mOx48Y2laBQGqgZ0j9w6SQ==

"@esbuild/linux-loong64@0.17.19":
  version "0.17.19"
  resolved "https://registry.npmmirror.com/@esbuild/linux-loong64/-/linux-loong64-0.17.19.tgz#0f887b8bb3f90658d1a0117283e55dbd4c9dcf72"
  integrity sha512-2iAngUbBPMq439a+z//gE+9WBldoMp1s5GWsUSgqHLzLJ9WoZLZhpwWuym0u0u/4XmZ3gpHmzV84PonE+9IIdQ==

"@esbuild/linux-mips64el@0.17.19":
  version "0.17.19"
  resolved "https://registry.npmmirror.com/@esbuild/linux-mips64el/-/linux-mips64el-0.17.19.tgz#f5d2a0b8047ea9a5d9f592a178ea054053a70289"
  integrity sha512-LKJltc4LVdMKHsrFe4MGNPp0hqDFA1Wpt3jE1gEyM3nKUvOiO//9PheZZHfYRfYl6AwdTH4aTcXSqBerX0ml4A==

"@esbuild/linux-ppc64@0.17.19":
  version "0.17.19"
  resolved "https://registry.npmmirror.com/@esbuild/linux-ppc64/-/linux-ppc64-0.17.19.tgz#876590e3acbd9fa7f57a2c7d86f83717dbbac8c7"
  integrity sha512-/c/DGybs95WXNS8y3Ti/ytqETiW7EU44MEKuCAcpPto3YjQbyK3IQVKfF6nbghD7EcLUGl0NbiL5Rt5DMhn5tg==

"@esbuild/linux-riscv64@0.17.19":
  version "0.17.19"
  resolved "https://registry.npmmirror.com/@esbuild/linux-riscv64/-/linux-riscv64-0.17.19.tgz#7f49373df463cd9f41dc34f9b2262d771688bf09"
  integrity sha512-FC3nUAWhvFoutlhAkgHf8f5HwFWUL6bYdvLc/TTuxKlvLi3+pPzdZiFKSWz/PF30TB1K19SuCxDTI5KcqASJqA==

"@esbuild/linux-s390x@0.17.19":
  version "0.17.19"
  resolved "https://registry.npmmirror.com/@esbuild/linux-s390x/-/linux-s390x-0.17.19.tgz#e2afd1afcaf63afe2c7d9ceacd28ec57c77f8829"
  integrity sha512-IbFsFbxMWLuKEbH+7sTkKzL6NJmG2vRyy6K7JJo55w+8xDk7RElYn6xvXtDW8HCfoKBFK69f3pgBJSUSQPr+4Q==

"@esbuild/linux-x64@0.17.19":
  version "0.17.19"
  resolved "https://registry.npmmirror.com/@esbuild/linux-x64/-/linux-x64-0.17.19.tgz#8a0e9738b1635f0c53389e515ae83826dec22aa4"
  integrity sha512-68ngA9lg2H6zkZcyp22tsVt38mlhWde8l3eJLWkyLrp4HwMUr3c1s/M2t7+kHIhvMjglIBrFpncX1SzMckomGw==

"@esbuild/netbsd-x64@0.17.19":
  version "0.17.19"
  resolved "https://registry.npmmirror.com/@esbuild/netbsd-x64/-/netbsd-x64-0.17.19.tgz#c29fb2453c6b7ddef9a35e2c18b37bda1ae5c462"
  integrity sha512-CwFq42rXCR8TYIjIfpXCbRX0rp1jo6cPIUPSaWwzbVI4aOfX96OXY8M6KNmtPcg7QjYeDmN+DD0Wp3LaBOLf4Q==

"@esbuild/openbsd-x64@0.17.19":
  version "0.17.19"
  resolved "https://registry.npmmirror.com/@esbuild/openbsd-x64/-/openbsd-x64-0.17.19.tgz#95e75a391403cb10297280d524d66ce04c920691"
  integrity sha512-cnq5brJYrSZ2CF6c35eCmviIN3k3RczmHz8eYaVlNasVqsNY+JKohZU5MKmaOI+KkllCdzOKKdPs762VCPC20g==

"@esbuild/sunos-x64@0.17.19":
  version "0.17.19"
  resolved "https://registry.npmmirror.com/@esbuild/sunos-x64/-/sunos-x64-0.17.19.tgz#722eaf057b83c2575937d3ffe5aeb16540da7273"
  integrity sha512-vCRT7yP3zX+bKWFeP/zdS6SqdWB8OIpaRq/mbXQxTGHnIxspRtigpkUcDMlSCOejlHowLqII7K2JKevwyRP2rg==

"@esbuild/win32-arm64@0.17.19":
  version "0.17.19"
  resolved "https://registry.npmmirror.com/@esbuild/win32-arm64/-/win32-arm64-0.17.19.tgz#9aa9dc074399288bdcdd283443e9aeb6b9552b6f"
  integrity sha512-yYx+8jwowUstVdorcMdNlzklLYhPxjniHWFKgRqH7IFlUEa0Umu3KuYplf1HUZZ422e3NU9F4LGb+4O0Kdcaag==

"@esbuild/win32-ia32@0.17.19":
  version "0.17.19"
  resolved "https://registry.npmmirror.com/@esbuild/win32-ia32/-/win32-ia32-0.17.19.tgz#95ad43c62ad62485e210f6299c7b2571e48d2b03"
  integrity sha512-eggDKanJszUtCdlVs0RB+h35wNlb5v4TWEkq4vZcmVt5u/HiDZrTXe2bWFQUez3RgNHwx/x4sk5++4NSSicKkw==

"@esbuild/win32-x64@0.17.19":
  version "0.17.19"
  resolved "https://registry.npmmirror.com/@esbuild/win32-x64/-/win32-x64-0.17.19.tgz#8cfaf2ff603e9aabb910e9c0558c26cf32744061"
  integrity sha512-lAhycmKnVOuRYNtRtatQR1LPQf2oYCkRGkSFnseDAKPl8lu5SOsK/e1sXe5a0Pc5kHIHe6P2I/ilntNv2xf3cA==

"@iarna/toml@^2.2.5":
  version "2.2.5"
  resolved "https://registry.npmmirror.com/@iarna/toml/-/toml-2.2.5.tgz#b32366c89b43c6f8cefbdefac778b9c828e3ba8c"
  integrity sha512-trnsAYxU3xnS1gPHPyU961coFyLkh4gAD/0zQ5mymY4yOZ+CYvsPqUbOFSw0aDM4y0tV7tiFxL/1XfXPNC6IPg==

"@miniflare/cache@2.14.1":
  version "2.14.1"
  resolved "https://registry.npmmirror.com/@miniflare/cache/-/cache-2.14.1.tgz#2c6a165caca63a39b1aa56c5152a583be8330398"
  integrity sha512-f/o6UBV6UX+MlhjcEch73/wjQvvNo37dgYmP6Pn2ax1/mEHhJ7allNAqenmonT4djNeyB3eEYV3zUl54wCEwrg==
  dependencies:
    "@miniflare/core" "2.14.1"
    "@miniflare/shared" "2.14.1"
    http-cache-semantics "^4.1.0"
    undici "5.20.0"

"@miniflare/cli-parser@2.14.1":
  version "2.14.1"
  resolved "https://registry.npmmirror.com/@miniflare/cli-parser/-/cli-parser-2.14.1.tgz#e92d755bfcf9d9c6f6a6f072c8856b9f884967a3"
  integrity sha512-MLvMuvxQPL/uw94Dg6CR3CM62uGoxxCkgF7aDtBYF9zb6YCfjOQn0q5d7zWxydpYAb5Dn1N1hZMnjAy7mlpNdQ==
  dependencies:
    "@miniflare/shared" "2.14.1"
    kleur "^4.1.4"

"@miniflare/core@2.14.1":
  version "2.14.1"
  resolved "https://registry.npmmirror.com/@miniflare/core/-/core-2.14.1.tgz#545199da6598c8295e24f629a1aa1d44bad1f6ba"
  integrity sha512-d+SGAda/VoXq+SKz04oq8ATUwQw5755L87fgPR8pTdR2YbWkxdbmEm1z2olOpDiUjcR86aN6NtCjY6tUC7fqaw==
  dependencies:
    "@iarna/toml" "^2.2.5"
    "@miniflare/queues" "2.14.1"
    "@miniflare/shared" "2.14.1"
    "@miniflare/watcher" "2.14.1"
    busboy "^1.6.0"
    dotenv "^10.0.0"
    kleur "^4.1.4"
    set-cookie-parser "^2.4.8"
    undici "5.20.0"
    urlpattern-polyfill "^4.0.3"

"@miniflare/d1@2.14.1":
  version "2.14.1"
  resolved "https://registry.npmmirror.com/@miniflare/d1/-/d1-2.14.1.tgz#016ec975981c831ef5e036d2243dc678cec6ab4e"
  integrity sha512-MulDDBsDD8o5DwiqdMeJZy2vLoMji+NWnLcuibSag2mayA0LJcp0eHezseZNkW+knciWR1gMP8Xpa4Q1KwkbKA==
  dependencies:
    "@miniflare/core" "2.14.1"
    "@miniflare/shared" "2.14.1"

"@miniflare/durable-objects@2.14.1":
  version "2.14.1"
  resolved "https://registry.npmmirror.com/@miniflare/durable-objects/-/durable-objects-2.14.1.tgz#48f29847afd7699e369fb0caa1a4fa23c1d39315"
  integrity sha512-T+oHGw5GcEIilkzrf0xDES7jzLVqcXJzSGsEIWqnBFLtdlKmrZF679ulRLBbyMVgvpQz6FRONh9jTH1XIiuObQ==
  dependencies:
    "@miniflare/core" "2.14.1"
    "@miniflare/shared" "2.14.1"
    "@miniflare/storage-memory" "2.14.1"
    undici "5.20.0"

"@miniflare/html-rewriter@2.14.1":
  version "2.14.1"
  resolved "https://registry.npmmirror.com/@miniflare/html-rewriter/-/html-rewriter-2.14.1.tgz#e4f109d5e0efe862717b1ff33e75644d538618b1"
  integrity sha512-vp4uZXuEKhtIaxoXa7jgDAPItlzjbfoUqYWp+fwDKv4J4mfQnzzs/5hwjbE7+Ihm/KNI0zNi8P0sSWjIRFl6ng==
  dependencies:
    "@miniflare/core" "2.14.1"
    "@miniflare/shared" "2.14.1"
    html-rewriter-wasm "^0.4.1"
    undici "5.20.0"

"@miniflare/http-server@2.14.1":
  version "2.14.1"
  resolved "https://registry.npmmirror.com/@miniflare/http-server/-/http-server-2.14.1.tgz#7b21f76b0fd08621451d0649bd78adb83b0cd8de"
  integrity sha512-ICT9KuecAF5+AHs9dTnk7DRxCPYLfI3QCtfHOcGQWFuOoe4MCtQk4joo0pxMaSgAJ4TiOOxz3KRWO0G2FwgiPQ==
  dependencies:
    "@miniflare/core" "2.14.1"
    "@miniflare/shared" "2.14.1"
    "@miniflare/web-sockets" "2.14.1"
    kleur "^4.1.4"
    selfsigned "^2.0.0"
    undici "5.20.0"
    ws "^8.2.2"
    youch "^2.2.2"

"@miniflare/kv@2.14.1":
  version "2.14.1"
  resolved "https://registry.npmmirror.com/@miniflare/kv/-/kv-2.14.1.tgz#6d04b7f11969baa1efc5c84d6c0ca0003afafa0a"
  integrity sha512-Gp07Wcszle7ptsoO8mCtKQRs0AbQnYo1rgnxUcsTL3xJJaHXEA/B9EKSADS2XzJMeY4PgUOHU6Rf08OOF2yWag==
  dependencies:
    "@miniflare/shared" "2.14.1"

"@miniflare/queues@2.14.1":
  version "2.14.1"
  resolved "https://registry.npmmirror.com/@miniflare/queues/-/queues-2.14.1.tgz#ce586e08b5b4dbdae6c5ed0d76317336269554c0"
  integrity sha512-uBzrbBkIgtNoztDpmMMISg/brYtxLHRE7oTaN8OVnq3bG+3nF9kQC42HUz+Vg+sf65UlvhSaqkjllgx+fNtOxQ==
  dependencies:
    "@miniflare/shared" "2.14.1"

"@miniflare/r2@2.14.1":
  version "2.14.1"
  resolved "https://registry.npmmirror.com/@miniflare/r2/-/r2-2.14.1.tgz#57a352576746a6f7a19726e7559a6e5607c4afb9"
  integrity sha512-grOMnGf2XSicbgxMYMBfWE37k/e7l5NnwXZIViQ+N06uksp+MLA8E6yKQNtvrWQS66TM8gBvMnWo96OFmYjb6Q==
  dependencies:
    "@miniflare/core" "2.14.1"
    "@miniflare/shared" "2.14.1"
    undici "5.20.0"

"@miniflare/runner-vm@2.14.1":
  version "2.14.1"
  resolved "https://registry.npmmirror.com/@miniflare/runner-vm/-/runner-vm-2.14.1.tgz#401beb39f34151c7a12ce5018decb78767bfe5c2"
  integrity sha512-UobsGM0ICVPDlJD54VPDSx0EXrIY3nJMXBy2zIFuuUOz4hQKXvMQ6jtAlJ8UNKer+XXI3Mb/9R/gfU8r6kxIMA==
  dependencies:
    "@miniflare/shared" "2.14.1"

"@miniflare/scheduler@2.14.1":
  version "2.14.1"
  resolved "https://registry.npmmirror.com/@miniflare/scheduler/-/scheduler-2.14.1.tgz#13b992eaa0c8141ffe073eb0b39d610e58ca50d0"
  integrity sha512-mCFUkGpPcV74tbDAuDLSrLPDiRei7hIIPQL53C4rtCDyLfxYgwLQFDecllQs5IvDzAx4qFpu835Ppc6tbHR5Mw==
  dependencies:
    "@miniflare/core" "2.14.1"
    "@miniflare/shared" "2.14.1"
    cron-schedule "^3.0.4"

"@miniflare/shared@2.14.1":
  version "2.14.1"
  resolved "https://registry.npmmirror.com/@miniflare/shared/-/shared-2.14.1.tgz#b150787e2b846f43085b15747b5e6f8a90fa1634"
  integrity sha512-73GnLtWn5iP936ctE6ZJrMqGu134KOoIIveq5Yd/B+NnbFfzpuzjCpkLrnqjkDdsxDbruXSb5eTR/SmAdpJxZQ==
  dependencies:
    "@types/better-sqlite3" "^7.6.0"
    kleur "^4.1.4"
    npx-import "^1.1.4"
    picomatch "^2.3.1"

"@miniflare/sites@2.14.1":
  version "2.14.1"
  resolved "https://registry.npmmirror.com/@miniflare/sites/-/sites-2.14.1.tgz#f2bc8308c5488aea961d7a82ffe4f91d23411fb0"
  integrity sha512-AbbIcU6VBeaNqVgMiLMWN2a09eX3jZmjaEi0uKqufVDqW/QIz47/30aC0O9qTe+XYpi3jjph/Ux7uEY8Z+enMw==
  dependencies:
    "@miniflare/kv" "2.14.1"
    "@miniflare/shared" "2.14.1"
    "@miniflare/storage-file" "2.14.1"

"@miniflare/storage-file@2.14.1":
  version "2.14.1"
  resolved "https://registry.npmmirror.com/@miniflare/storage-file/-/storage-file-2.14.1.tgz#4cf14baad1fee75d523a6cf7ea7bfabd6a7d7dd1"
  integrity sha512-faZu9tRSW6c/looVFI/ZhkdGsIc9NfNCbSl3jJRmm7xgyZ+/S+dQ5JtGVbVsUIX8YGWDyE2j3oWCGCjxGLEpkg==
  dependencies:
    "@miniflare/shared" "2.14.1"
    "@miniflare/storage-memory" "2.14.1"

"@miniflare/storage-memory@2.14.1":
  version "2.14.1"
  resolved "https://registry.npmmirror.com/@miniflare/storage-memory/-/storage-memory-2.14.1.tgz#9615de975a85a25b3dccaa9f085c955550e364f2"
  integrity sha512-lfQbQwopVWd4W5XzrYdp0rhk3dJpvSmv1Wwn9RhNO20WrcuoxpdSzbmpBahsgYVg+OheVaEbS6RpFqdmwwLTog==
  dependencies:
    "@miniflare/shared" "2.14.1"

"@miniflare/watcher@2.14.1":
  version "2.14.1"
  resolved "https://registry.npmmirror.com/@miniflare/watcher/-/watcher-2.14.1.tgz#2fe44470df44a1eff1313597ea2389c06a8f9b05"
  integrity sha512-dkFvetm5wk6pwunlYb/UkI0yFNb3otLpRm5RDywMUzqObEf+rCiNNAbJe3HUspr2ncZVAaRWcEaDh82vYK5cmw==
  dependencies:
    "@miniflare/shared" "2.14.1"

"@miniflare/web-sockets@2.14.1":
  version "2.14.1"
  resolved "https://registry.npmmirror.com/@miniflare/web-sockets/-/web-sockets-2.14.1.tgz#d48ba704c32c19db7d0cfc88107e1d1e364e9b62"
  integrity sha512-3N//L5EjF7+xXd7qCLR2ylUwm8t2MKyGPGWEtRBrQ2xqYYWhewKTjlquHCOPU5Irnnd/4BhTmFA55MNrq7m4Nw==
  dependencies:
    "@miniflare/core" "2.14.1"
    "@miniflare/shared" "2.14.1"
    undici "5.20.0"
    ws "^8.2.2"

"@sindresorhus/slugify@^2.2.0":
  version "2.2.1"
  resolved "https://registry.npmmirror.com/@sindresorhus/slugify/-/slugify-2.2.1.tgz#fa2e2e25d6e1e74a2eeb5e2c37f5ccc516ed2c4b"
  integrity sha512-MkngSCRZ8JdSOCHRaYd+D01XhvU3Hjy6MGl06zhOk614hp9EOAp5gIkBeQg7wtmxpitU6eAL4kdiRMcJa2dlrw==
  dependencies:
    "@sindresorhus/transliterate" "^1.0.0"
    escape-string-regexp "^5.0.0"

"@sindresorhus/transliterate@^1.0.0":
  version "1.6.0"
  resolved "https://registry.npmmirror.com/@sindresorhus/transliterate/-/transliterate-1.6.0.tgz#2309fff65a868047e6d2dd70dec747c5b36a8327"
  integrity sha512-doH1gimEu3A46VX6aVxpHTeHrytJAG6HgdxntYnCFiIFHEM/ZGpG8KiZGBChchjQmG0XFIBL552kBTjVcMZXwQ==
  dependencies:
    escape-string-regexp "^5.0.0"

"@types/better-sqlite3@^7.6.0":
  version "7.6.8"
  resolved "https://registry.npmmirror.com/@types/better-sqlite3/-/better-sqlite3-7.6.8.tgz#d427903dd842a6f9585e0ff29a7f6a28ce791e2f"
  integrity sha512-ASndM4rdGrzk7iXXqyNC4fbwt4UEjpK0i3j4q4FyeQrLAthfB6s7EF135ZJE0qQxtKIMFwmyT6x0switET7uIw==
  dependencies:
    "@types/node" "*"

"@types/node-forge@^1.3.0":
  version "1.3.11"
  resolved "https://registry.npmmirror.com/@types/node-forge/-/node-forge-1.3.11.tgz#0972ea538ddb0f4d9c2fa0ec5db5724773a604da"
  integrity sha512-FQx220y22OKNTqaByeBGqHWYz4cl94tpcxeFdvBo3wjG6XPBuZ0BNgNZRV5J5TFmmcsJ4IzsLkmGRiQbnYsBEQ==
  dependencies:
    "@types/node" "*"

"@types/node@*":
  version "20.10.7"
  resolved "https://registry.npmmirror.com/@types/node/-/node-20.10.7.tgz#40fe8faf25418a75de9fe68a8775546732a3a901"
  integrity sha512-fRbIKb8C/Y2lXxB5eVMj4IU7xpdox0Lh8bUPEdtLysaylsml1hOOx1+STloRs/B9nf7C6kPRmmg/V7aQW7usNg==
  dependencies:
    undici-types "~5.26.4"

"@types/stack-trace@0.0.29":
  version "0.0.29"
  resolved "https://registry.npmmirror.com/@types/stack-trace/-/stack-trace-0.0.29.tgz#eb7a7c60098edb35630ed900742a5ecb20cfcb4d"
  integrity sha512-TgfOX+mGY/NyNxJLIbDWrO9DjGoVSW9+aB8H2yy1fy32jsvxijhmyJI9fDFgvz3YP4lvJaq9DzdR/M1bOgVc9g==

buffer-from@^1.0.0:
  version "1.1.2"
  resolved "https://registry.npmmirror.com/buffer-from/-/buffer-from-1.1.2.tgz#2b146a6fd72e80b4f55d255f35ed59a3a9a41bd5"
  integrity sha512-E+XQCRwSbaaiChtv6k6Dwgc+bx+Bs6vuKJHHl5kox/BaKbhiXzqQOwK4cO22yElGp2OCmjwVhT3HmxgyPGnJfQ==

builtins@^5.0.0:
  version "5.0.1"
  resolved "https://registry.npmmirror.com/builtins/-/builtins-5.0.1.tgz#87f6db9ab0458be728564fa81d876d8d74552fa9"
  integrity sha512-qwVpFEHNfhYJIzNRBvd2C1kyo6jz3ZSMPyyuR47OPdiKWlbYnZNyDWuyR175qDnAJLiCo5fBBqPb3RiXgWlkOQ==
  dependencies:
    semver "^7.0.0"

busboy@^1.6.0:
  version "1.6.0"
  resolved "https://registry.npmmirror.com/busboy/-/busboy-1.6.0.tgz#966ea36a9502e43cdb9146962523b92f531f6893"
  integrity sha512-8SFQbg/0hQ9xy3UNTB0YEnsNBbWfhf7RtnzpL7TkBiTBRfrQ9Fxcnz7VJsleJpyp6rVLvXiuORqjlHi5q+PYuA==
  dependencies:
    streamsearch "^1.1.0"

chatgpt-plugin@^0.1.2:
  version "0.1.2"
  resolved "https://registry.npmmirror.com/chatgpt-plugin/-/chatgpt-plugin-0.1.2.tgz#1b21908a6be1692a8ec9785c17e1eae39184796c"
  integrity sha512-FKtdh1/PyeyxAkd1JtuwQri8ybOAGJG+jkR3nb8P8ZcOSZOLgWl01fAs90NzRAaZ7ap5TrmmjiM91r7G8BQW2Q==
  dependencies:
    "@sindresorhus/slugify" "^2.2.0"

cookie@^0.4.1:
  version "0.4.2"
  resolved "https://registry.npmmirror.com/cookie/-/cookie-0.4.2.tgz#0e41f24de5ecf317947c82fc789e06a884824432"
  integrity sha512-aSWTXFzaKWkvHO1Ny/s+ePFpvKsPnjc551iI41v3ny/ow6tBG5Vd+FuqGNhh1LxOmVzOlGUriIlOaokOvhaStA==

cron-schedule@^3.0.4:
  version "3.0.6"
  resolved "https://registry.npmmirror.com/cron-schedule/-/cron-schedule-3.0.6.tgz#7d0a3ad9154112fc3720fe43238a43d50e8465e7"
  integrity sha512-izfGgKyzzIyLaeb1EtZ3KbglkS6AKp9cv7LxmiyoOu+fXfol1tQDC0Cof0enVZGNtudTHW+3lfuW9ZkLQss4Wg==

cross-spawn@^7.0.3:
  version "7.0.3"
  resolved "https://registry.npmmirror.com/cross-spawn/-/cross-spawn-7.0.3.tgz#f73a85b9d5d41d045551c177e2882d4ac85728a6"
  integrity sha512-iRDPJKUPVEND7dHPO8rkbOnPpyDygcDFtWjpeWNCgy8WP2rXcxXL8TskReQl6OrB2G7+UJrags1q15Fudc7G6w==
  dependencies:
    path-key "^3.1.0"
    shebang-command "^2.0.0"
    which "^2.0.1"

dotenv@^10.0.0:
  version "10.0.0"
  resolved "https://registry.npmmirror.com/dotenv/-/dotenv-10.0.0.tgz#3d4227b8fb95f81096cdd2b66653fb2c7085ba81"
  integrity sha512-rlBi9d8jpv9Sf1klPjNfFAuWDjKLwTIJJ/VxtoTwIR6hnZxcEOQCZg2oIL3MWBYw5GpUDKOEnND7LXTbIpQ03Q==

esbuild@^0.17.19:
  version "0.17.19"
  resolved "https://registry.npmmirror.com/esbuild/-/esbuild-0.17.19.tgz#087a727e98299f0462a3d0bcdd9cd7ff100bd955"
  integrity sha512-XQ0jAPFkK/u3LcVRcvVHQcTIqD6E2H1fvZMA5dQPSOWb3suUbWbfbRf94pjc0bNzRYLfIrDRQXr7X+LHIm5oHw==
  optionalDependencies:
    "@esbuild/android-arm" "0.17.19"
    "@esbuild/android-arm64" "0.17.19"
    "@esbuild/android-x64" "0.17.19"
    "@esbuild/darwin-arm64" "0.17.19"
    "@esbuild/darwin-x64" "0.17.19"
    "@esbuild/freebsd-arm64" "0.17.19"
    "@esbuild/freebsd-x64" "0.17.19"
    "@esbuild/linux-arm" "0.17.19"
    "@esbuild/linux-arm64" "0.17.19"
    "@esbuild/linux-ia32" "0.17.19"
    "@esbuild/linux-loong64" "0.17.19"
    "@esbuild/linux-mips64el" "0.17.19"
    "@esbuild/linux-ppc64" "0.17.19"
    "@esbuild/linux-riscv64" "0.17.19"
    "@esbuild/linux-s390x" "0.17.19"
    "@esbuild/linux-x64" "0.17.19"
    "@esbuild/netbsd-x64" "0.17.19"
    "@esbuild/openbsd-x64" "0.17.19"
    "@esbuild/sunos-x64" "0.17.19"
    "@esbuild/win32-arm64" "0.17.19"
    "@esbuild/win32-ia32" "0.17.19"
    "@esbuild/win32-x64" "0.17.19"

escape-string-regexp@^5.0.0:
  version "5.0.0"
  resolved "https://registry.npmmirror.com/escape-string-regexp/-/escape-string-regexp-5.0.0.tgz#4683126b500b61762f2dbebace1806e8be31b1c8"
  integrity sha512-/veY75JbMK4j1yjvuUxuVsiS/hr/4iHs9FTT6cgTexxdE0Ly/glccBAkloH/DofkjRbZU3bnoj38mOmhkZ0lHw==

execa@^6.1.0:
  version "6.1.0"
  resolved "https://registry.npmmirror.com/execa/-/execa-6.1.0.tgz#cea16dee211ff011246556388effa0818394fb20"
  integrity sha512-QVWlX2e50heYJcCPG0iWtf8r0xjEYfz/OYLGDYH+IyjWezzPNxz63qNFOu0l4YftGWuizFVZHHs8PrLU5p2IDA==
  dependencies:
    cross-spawn "^7.0.3"
    get-stream "^6.0.1"
    human-signals "^3.0.1"
    is-stream "^3.0.0"
    merge-stream "^2.0.0"
    npm-run-path "^5.1.0"
    onetime "^6.0.0"
    signal-exit "^3.0.7"
    strip-final-newline "^3.0.0"

get-stream@^6.0.1:
  version "6.0.1"
  resolved "https://registry.npmmirror.com/get-stream/-/get-stream-6.0.1.tgz#a262d8eef67aced57c2852ad6167526a43cbf7b7"
  integrity sha512-ts6Wi+2j3jQjqi70w5AlN8DFnkSwC+MqmxEzdEALB2qXZYV3X/b1CTfgPLGJNMeAWxdPfU8FO1ms3NUfaHCPYg==

html-rewriter-wasm@^0.4.1:
  version "0.4.1"
  resolved "https://registry.npmmirror.com/html-rewriter-wasm/-/html-rewriter-wasm-0.4.1.tgz#235e3d96c1aa4bfd2182661ee13881e290ff5ff2"
  integrity sha512-lNovG8CMCCmcVB1Q7xggMSf7tqPCijZXaH4gL6iE8BFghdQCbaY5Met9i1x2Ex8m/cZHDUtXK9H6/znKamRP8Q==

http-cache-semantics@^4.1.0:
  version "4.1.1"
  resolved "https://registry.npmmirror.com/http-cache-semantics/-/http-cache-semantics-4.1.1.tgz#abe02fcb2985460bf0323be664436ec3476a6d5a"
  integrity sha512-er295DKPVsV82j5kw1Gjt+ADA/XYHsajl82cGNQG2eyoPkvgUhX+nDIyelzhIWbbsXP39EHcI6l5tYs2FYqYXQ==

human-signals@^3.0.1:
  version "3.0.1"
  resolved "https://registry.npmmirror.com/human-signals/-/human-signals-3.0.1.tgz#c740920859dafa50e5a3222da9d3bf4bb0e5eef5"
  integrity sha512-rQLskxnM/5OCldHo+wNXbpVgDn5A17CUoKX+7Sokwaknlq7CdSnphy0W39GU8dw59XiCXmFXDg4fRuckQRKewQ==

is-stream@^3.0.0:
  version "3.0.0"
  resolved "https://registry.npmmirror.com/is-stream/-/is-stream-3.0.0.tgz#e6bfd7aa6bef69f4f472ce9bb681e3e57b4319ac"
  integrity sha512-LnQR4bZ9IADDRSkvpqMGvt/tEJWclzklNgSw48V5EAaAeDd6qGvN8ei6k5p0tvxSR171VmGyHuTiAOfxAbr8kA==

isexe@^2.0.0:
  version "2.0.0"
  resolved "https://registry.npmmirror.com/isexe/-/isexe-2.0.0.tgz#e8fbf374dc556ff8947a10dcb0572d633f2cfa10"
  integrity sha512-RHxMLp9lnKHGHRng9QFhRCMbYAcVpn69smSGcq3f36xjgVVWThj4qqLbTLlq7Ssj8B+fIQ1EuCEGI2lKsyQeIw==

itty-cors@^0.3.6:
  version "0.3.6"
  resolved "https://registry.npmmirror.com/itty-cors/-/itty-cors-0.3.6.tgz#25fae83ee23203c6d35188b9352a1d17b21a5271"
  integrity sha512-VlDDB9CLneCyjqtg8kShl6oBZrJxxwKd8sXWrYC77H6BcW9sDMRDwx7JgCB2T+18pQv/Tau3OIlchEKrEHKKKQ==

itty-router@^2.6.6:
  version "2.6.6"
  resolved "https://registry.npmmirror.com/itty-router/-/itty-router-2.6.6.tgz#78a08c3b7dc1bd90ce832cae8eff7e4cbfbf67ef"
  integrity sha512-hIPHtXGymCX7Lzb2I4G6JgZFE4QEEQwst9GORK7sMYUpJvLfy4yZJr95r04e8DzoAnj6HcxM2m4TbK+juu+18g==

kleur@^4.1.4:
  version "4.1.5"
  resolved "https://registry.npmmirror.com/kleur/-/kleur-4.1.5.tgz#95106101795f7050c6c650f350c683febddb1780"
  integrity sha512-o+NO+8WrRiQEE4/7nwRJhN1HWpVmJm511pBHUxPLtp0BUISzlBplORYSmTclCnJvQq2tKu/sgl3xVpkc7ZWuQQ==

lru-cache@^6.0.0:
  version "6.0.0"
  resolved "https://registry.npmmirror.com/lru-cache/-/lru-cache-6.0.0.tgz#6d6fe6570ebd96aaf90fcad1dafa3b2566db3a94"
  integrity sha512-Jo6dJ04CmSjuznwJSS3pUeWmd/H0ffTlkXXgwZi+eq1UCmqQwCh+eLsYOYCwY991i2Fah4h1BEMCx4qThGbsiA==
  dependencies:
    yallist "^4.0.0"

merge-stream@^2.0.0:
  version "2.0.0"
  resolved "https://registry.npmmirror.com/merge-stream/-/merge-stream-2.0.0.tgz#52823629a14dd00c9770fb6ad47dc6310f2c1f60"
  integrity sha512-abv/qOcuPfk3URPfDzmZU1LKmuw8kT+0nIHvKrKgFrwifol/doWcdA4ZqsWQ8ENrFKkd67Mfpo/LovbIUsbt3w==

mimic-fn@^4.0.0:
  version "4.0.0"
  resolved "https://registry.npmmirror.com/mimic-fn/-/mimic-fn-4.0.0.tgz#60a90550d5cb0b239cca65d893b1a53b29871ecc"
  integrity sha512-vqiC06CuhBTUdZH+RYl8sFrL096vA45Ok5ISO6sE/Mr1jRbGH4Csnhi8f3wKVl7x8mO4Au7Ir9D3Oyv1VYMFJw==

miniflare@^2.10.0:
  version "2.14.1"
  resolved "https://registry.npmmirror.com/miniflare/-/miniflare-2.14.1.tgz#ac438111b549e98bcee22fe1d9ff3583cb7df302"
  integrity sha512-8Yqms4OZp1J1k0SGhOQ6MKWptWSXCm8Yh4kfFh11zZIlT1PoE0qXWQmAzwZnT5hFNmS3tsghu3GOgToxM+jCnA==
  dependencies:
    "@miniflare/cache" "2.14.1"
    "@miniflare/cli-parser" "2.14.1"
    "@miniflare/core" "2.14.1"
    "@miniflare/d1" "2.14.1"
    "@miniflare/durable-objects" "2.14.1"
    "@miniflare/html-rewriter" "2.14.1"
    "@miniflare/http-server" "2.14.1"
    "@miniflare/kv" "2.14.1"
    "@miniflare/queues" "2.14.1"
    "@miniflare/r2" "2.14.1"
    "@miniflare/runner-vm" "2.14.1"
    "@miniflare/scheduler" "2.14.1"
    "@miniflare/shared" "2.14.1"
    "@miniflare/sites" "2.14.1"
    "@miniflare/storage-file" "2.14.1"
    "@miniflare/storage-memory" "2.14.1"
    "@miniflare/web-sockets" "2.14.1"
    kleur "^4.1.4"
    semiver "^1.1.0"
    source-map-support "^0.5.20"
    undici "5.20.0"

mustache@^4.2.0:
  version "4.2.0"
  resolved "https://registry.npmmirror.com/mustache/-/mustache-4.2.0.tgz#e5892324d60a12ec9c2a73359edca52972bf6f64"
  integrity sha512-71ippSywq5Yb7/tVYyGbkBggbU8H3u5Rz56fH60jGFgr8uHwxs+aSKeqmluIVzM0m0kB7xQjKS6qPfd0b2ZoqQ==

nanoid@^4.0.2:
  version "4.0.2"
  resolved "https://registry.npmmirror.com/nanoid/-/nanoid-4.0.2.tgz#140b3c5003959adbebf521c170f282c5e7f9fb9e"
  integrity sha512-7ZtY5KTCNheRGfEFxnedV5zFiORN1+Y1N6zvPTnHQd8ENUvfaDBeuJDZb2bN/oXwXxu3qkTXDzy57W5vAmDTBw==

node-forge@^1:
  version "1.3.1"
  resolved "https://registry.npmmirror.com/node-forge/-/node-forge-1.3.1.tgz#be8da2af243b2417d5f646a770663a92b7e9ded3"
  integrity sha512-dPEtOeMvF9VMcYV/1Wb8CPoVAXtp6MKMlcbAt4ddqmGqUJ6fQZFXkNZNkNlfevtNkGtaSoXf/vNNNSvgrdXwtA==

npm-run-path@^5.1.0:
  version "5.2.0"
  resolved "https://registry.npmmirror.com/npm-run-path/-/npm-run-path-5.2.0.tgz#224cdd22c755560253dd71b83a1ef2f758b2e955"
  integrity sha512-W4/tgAXFqFA0iL7fk0+uQ3g7wkL8xJmx3XdK0VGb4cHW//eZTtKGvFBBoRKVTpY7n6ze4NL9ly7rgXcHufqXKg==
  dependencies:
    path-key "^4.0.0"

npx-import@^1.1.4:
  version "1.1.4"
  resolved "https://registry.npmmirror.com/npx-import/-/npx-import-1.1.4.tgz#0ee9a27484c633255528f7ec2e4c2adeaa1fcda3"
  integrity sha512-3ShymTWOgqGyNlh5lMJAejLuIv3W1K3fbI5Ewc6YErZU3Sp0PqsNs8UIU1O8z5+KVl/Du5ag56Gza9vdorGEoA==
  dependencies:
    execa "^6.1.0"
    parse-package-name "^1.0.0"
    semver "^7.3.7"
    validate-npm-package-name "^4.0.0"

onetime@^6.0.0:
  version "6.0.0"
  resolved "https://registry.npmmirror.com/onetime/-/onetime-6.0.0.tgz#7c24c18ed1fd2e9bca4bd26806a33613c77d34b4"
  integrity sha512-1FlR+gjXK7X+AsAHso35MnyN5KqGwJRi/31ft6x0M194ht7S+rWAvd7PHss9xSKMzE0asv1pyIHaJYq+BbacAQ==
  dependencies:
    mimic-fn "^4.0.0"

pako@^2.1.0:
  version "2.1.0"
  resolved "https://registry.npmmirror.com/pako/-/pako-2.1.0.tgz#266cc37f98c7d883545d11335c00fbd4062c9a86"
  integrity sha512-w+eufiZ1WuJYgPXbV/PO3NCMEc3xqylkKHzp8bxp1uW4qaSNQUkwmLLEc3kKsfz8lpV1F8Ht3U1Cm+9Srog2ug==

parse-package-name@^1.0.0:
  version "1.0.0"
  resolved "https://registry.npmmirror.com/parse-package-name/-/parse-package-name-1.0.0.tgz#1a108757e4ffc6889d5e78bcc4932a97c097a5a7"
  integrity sha512-kBeTUtcj+SkyfaW4+KBe0HtsloBJ/mKTPoxpVdA57GZiPerREsUWJOhVj9anXweFiJkm5y8FG1sxFZkZ0SN6wg==

path-key@^3.1.0:
  version "3.1.1"
  resolved "https://registry.npmmirror.com/path-key/-/path-key-3.1.1.tgz#581f6ade658cbba65a0d3380de7753295054f375"
  integrity sha512-ojmeN0qd+y0jszEtoY48r0Peq5dwMEkIlCOu6Q5f41lfkswXuKtYrhgoTpLnyIcHm24Uhqx+5Tqm2InSwLhE6Q==

path-key@^4.0.0:
  version "4.0.0"
  resolved "https://registry.npmmirror.com/path-key/-/path-key-4.0.0.tgz#295588dc3aee64154f877adb9d780b81c554bf18"
  integrity sha512-haREypq7xkM7ErfgIyA0z+Bj4AGKlMSdlQE2jvJo6huWD1EdkKYV+G/T4nq0YEF2vgTT8kqMFKo1uHn950r4SQ==

picomatch@^2.3.1:
  version "2.3.1"
  resolved "https://registry.npmmirror.com/picomatch/-/picomatch-2.3.1.tgz#3ba3833733646d9d3e4995946c1365a67fb07a42"
  integrity sha512-JU3teHTNjmE2VCGFzuY8EXzCDVwEqB2a8fsIvwaStHhAWJEeVd1o1QD80CU6+ZdEXXSLbSsuLwJjkCBWqRQUVA==

selfsigned@^2.0.0:
  version "2.4.1"
  resolved "https://registry.npmmirror.com/selfsigned/-/selfsigned-2.4.1.tgz#560d90565442a3ed35b674034cec4e95dceb4ae0"
  integrity sha512-th5B4L2U+eGLq1TVh7zNRGBapioSORUeymIydxgFpwww9d2qyKvtuPU2jJuHvYAwwqi2Y596QBL3eEqcPEYL8Q==
  dependencies:
    "@types/node-forge" "^1.3.0"
    node-forge "^1"

semiver@^1.1.0:
  version "1.1.0"
  resolved "https://registry.npmmirror.com/semiver/-/semiver-1.1.0.tgz#9c97fb02c21c7ce4fcf1b73e2c7a24324bdddd5f"
  integrity sha512-QNI2ChmuioGC1/xjyYwyZYADILWyW6AmS1UH6gDj/SFUUUS4MBAWs/7mxnkRPc/F4iHezDP+O8t0dO8WHiEOdg==

semver@^7.0.0, semver@^7.3.7:
  version "7.5.4"
  resolved "https://registry.npmmirror.com/semver/-/semver-7.5.4.tgz#483986ec4ed38e1c6c48c34894a9182dbff68a6e"
  integrity sha512-1bCSESV6Pv+i21Hvpxp3Dx+pSD8lIPt8uVjRrxAUt/nbswYc+tK6Y2btiULjd4+fnq15PX+nqQDC7Oft7WkwcA==
  dependencies:
    lru-cache "^6.0.0"

set-cookie-parser@^2.4.8:
  version "2.6.0"
  resolved "https://registry.npmmirror.com/set-cookie-parser/-/set-cookie-parser-2.6.0.tgz#131921e50f62ff1a66a461d7d62d7b21d5d15a51"
  integrity sha512-RVnVQxTXuerk653XfuliOxBP81Sf0+qfQE73LIYKcyMYHG94AuH0kgrQpRDuTZnSmjpysHmzxJXKNfa6PjFhyQ==

shebang-command@^2.0.0:
  version "2.0.0"
  resolved "https://registry.npmmirror.com/shebang-command/-/shebang-command-2.0.0.tgz#ccd0af4f8835fbdc265b82461aaf0c36663f34ea"
  integrity sha512-kHxr2zZpYtdmrN1qDjrrX/Z1rR1kG8Dx+gkpK1G4eXmvXswmcE1hTWBWYUzlraYw1/yZp6YuDY77YtvbN0dmDA==
  dependencies:
    shebang-regex "^3.0.0"

shebang-regex@^3.0.0:
  version "3.0.0"
  resolved "https://registry.npmmirror.com/shebang-regex/-/shebang-regex-3.0.0.tgz#ae16f1644d873ecad843b0307b143362d4c42172"
  integrity sha512-7++dFhtcx3353uBaq8DDR4NuxBetBzC7ZQOhmTQInHEd6bSrXdiEyzCvG07Z44UYdLShWUyXt5M/yhz8ekcb1A==

signal-exit@^3.0.7:
  version "3.0.7"
  resolved "https://registry.npmmirror.com/signal-exit/-/signal-exit-3.0.7.tgz#a9a1767f8af84155114eaabd73f99273c8f59ad9"
  integrity sha512-wnD2ZE+l+SPC/uoS0vXeE9L1+0wuaMqKlfz9AMUo38JsyLSBWSFcHR1Rri62LZc12vLr1gb3jl7iwQhgwpAbGQ==

source-map-support@^0.5.20:
  version "0.5.21"
  resolved "https://registry.npmmirror.com/source-map-support/-/source-map-support-0.5.21.tgz#04fe7c7f9e1ed2d662233c28cb2b35b9f63f6e4f"
  integrity sha512-uBHU3L3czsIyYXKX88fdrGovxdSCoTGDRZ6SYXtSRxLZUzHg5P/66Ht6uoUlHu9EZod+inXhKo3qQgwXUT/y1w==
  dependencies:
    buffer-from "^1.0.0"
    source-map "^0.6.0"

source-map@^0.6.0:
  version "0.6.1"
  resolved "https://registry.npmmirror.com/source-map/-/source-map-0.6.1.tgz#74722af32e9614e9c287a8d0bbde48b5e2f1a263"
  integrity sha512-UjgapumWlbMhkBgzT7Ykc5YXUT46F0iKu8SGXq0bcwP5dz/h0Plj6enJqjz1Zbq2l5WaqYnrVbwWOWMyF3F47g==

stack-trace@0.0.10:
  version "0.0.10"
  resolved "https://registry.npmmirror.com/stack-trace/-/stack-trace-0.0.10.tgz#547c70b347e8d32b4e108ea1a2a159e5fdde19c0"
  integrity sha512-KGzahc7puUKkzyMt+IqAep+TVNbKP+k2Lmwhub39m1AsTSkaDutx56aDCo+HLDzf/D26BIHTJWNiTG1KAJiQCg==

streamsearch@^1.1.0:
  version "1.1.0"
  resolved "https://registry.npmmirror.com/streamsearch/-/streamsearch-1.1.0.tgz#404dd1e2247ca94af554e841a8ef0eaa238da764"
  integrity sha512-Mcc5wHehp9aXz1ax6bZUyY5afg9u2rv5cqQI3mRrYkGC8rW2hM02jWuwjtL++LS5qinSyhj2QfLyNsuc+VsExg==

strip-final-newline@^3.0.0:
  version "3.0.0"
  resolved "https://registry.npmmirror.com/strip-final-newline/-/strip-final-newline-3.0.0.tgz#52894c313fbff318835280aed60ff71ebf12b8fd"
  integrity sha512-dOESqjYr96iWYylGObzd39EuNTa5VJxyvVAEm5Jnh7KGo75V43Hk1odPQkNDyXNmUR6k+gEiDVXnjB8HJ3crXw==

typescript@^5.0.4:
  version "5.3.3"
  resolved "https://registry.npmmirror.com/typescript/-/typescript-5.3.3.tgz#b3ce6ba258e72e6305ba66f5c9b452aaee3ffe37"
  integrity sha512-pXWcraxM0uxAS+tN0AG/BF2TyqmHO014Z070UsJ+pFvYuRSq8KH8DmWpnbXe0pEPDHXZV3FcAbJkijJ5oNEnWw==

undici-types@~5.26.4:
  version "5.26.5"
  resolved "https://registry.npmmirror.com/undici-types/-/undici-types-5.26.5.tgz#bcd539893d00b56e964fd2657a4866b221a65617"
  integrity sha512-JlCMO+ehdEIKqlFxk6IfVoAUVmgz7cU7zD/h9XZ0qzeosSHmUJVOzSQvvYSYWXkFXC+IfLKSIffhv0sVZup6pA==

undici@5.20.0:
  version "5.20.0"
  resolved "https://registry.npmmirror.com/undici/-/undici-5.20.0.tgz#6327462f5ce1d3646bcdac99da7317f455bcc263"
  integrity sha512-J3j60dYzuo6Eevbawwp1sdg16k5Tf768bxYK4TUJRH7cBM4kFCbf3mOnM/0E3vQYXvpxITbbWmBafaDbxLDz3g==
  dependencies:
    busboy "^1.6.0"

urlpattern-polyfill@^4.0.3:
  version "4.0.3"
  resolved "https://registry.npmmirror.com/urlpattern-polyfill/-/urlpattern-polyfill-4.0.3.tgz#c1fa7a73eb4e6c6a1ffb41b24cf31974f7392d3b"
  integrity sha512-DOE84vZT2fEcl9gqCUTcnAw5ZY5Id55ikUcziSUntuEFL3pRvavg5kwDmTEUJkeCHInTlV/HexFomgYnzO5kdQ==

validate-npm-package-name@^4.0.0:
  version "4.0.0"
  resolved "https://registry.npmmirror.com/validate-npm-package-name/-/validate-npm-package-name-4.0.0.tgz#fe8f1c50ac20afdb86f177da85b3600f0ac0d747"
  integrity sha512-mzR0L8ZDktZjpX4OB46KT+56MAhl4EIazWP/+G/HPGuvfdaqg4YsCdtOm6U9+LOFyYDoh4dpnpxZRB9MQQns5Q==
  dependencies:
    builtins "^5.0.0"

which@^2.0.1:
  version "2.0.2"
  resolved "https://registry.npmmirror.com/which/-/which-2.0.2.tgz#7c6a8dd0a636a0327e10b59c9286eee93f3f51b1"
  integrity sha512-BLI3Tl1TW3Pvl70l3yq3Y64i+awpwXqsGBYWkkqMtnbXgrMD+yj7rhW0kuEDxzJaYXGjEW5ogapKNMEKNMjibA==
  dependencies:
    isexe "^2.0.0"

ws@^8.2.2:
  version "8.16.0"
  resolved "https://registry.npmmirror.com/ws/-/ws-8.16.0.tgz#d1cd774f36fbc07165066a60e40323eab6446fd4"
  integrity sha512-HS0c//TP7Ina87TfiPUz1rQzMhHrl/SG2guqRcTOIUYD2q8uhUdNHZYJUaQ8aTGPzCh+c6oawMKW35nFl1dxyQ==

yallist@^4.0.0:
  version "4.0.0"
  resolved "https://registry.npmmirror.com/yallist/-/yallist-4.0.0.tgz#9bb92790d9c0effec63be73519e11a35019a3a72"
  integrity sha512-3wdGidZyq5PB084XLES5TpOSRA3wjXAlIWMhum2kRcv/41Sn2emQ0dycQW4uZXLejwKvg6EsvbdlVL+FYEct7A==

youch@^2.2.2:
  version "2.2.2"
  resolved "https://registry.npmmirror.com/youch/-/youch-2.2.2.tgz#cb87a359a5c524ebd35eb07ca3a1521dbc7e1a3e"
  integrity sha512-/FaCeG3GkuJwaMR34GHVg0l8jCbafZLHiFowSjqLlqhC6OMyf2tPJBu8UirF7/NI9X/R5ai4QfEKUCOxMAGxZQ==
  dependencies:
    "@types/stack-trace" "0.0.29"
    cookie "^0.4.1"
    mustache "^4.2.0"
    stack-trace "0.0.10"

zod@^3.21.4:
  version "3.22.4"
  resolved "https://registry.npmmirror.com/zod/-/zod-3.22.4.tgz#f31c3a9386f61b1f228af56faa9255e845cf3fff"
  integrity sha512-iC+8Io04lddc+mVqQ9AZ7OQ2MrUKGN+oIQyq1vemgt46jwCwLfhq7/pwnBnNXXXZb8VTVLKwp9EDkx+ryxIWmg==
